
Microsoft Visual Studio Solution File, Format Version 12.00
# Visual Studio Version 16
VisualStudioVersion = 16.0.28803.156
MinimumVisualStudioVersion = 10.0.40219.1
Project("{FAE04EC0-301F-11D3-BF4B-00C04F79EFBC}") = "Starfish", "Generators\Starfish.csproj", "{0A51EF78-4098-4F94-BB67-3855030776D3}"
EndProject
Project("{FAE04EC0-301F-11D3-BF4B-00C04F79EFBC}") = "Starfish.TestApp", "Starfish.TestApp\Starfish.TestApp.csproj", "{15E7D6C4-588D-40AF-ADE0-E15BA5B31920}"
EndProject
Project("{FAE04EC0-301F-11D3-BF4B-00C04F79EFBC}") = "Starfish.UnitTests", "Starfish.UnitTests\Starfish.UnitTests.csproj", "{80E2396F-9F61-449D-9974-076A33481847}"
EndProject
Global
	GlobalSection(SolutionConfigurationPlatforms) = preSolution
		Debug|Any CPU = Debug|Any CPU
		Debug|Mixed Platforms = Debug|Mixed Platforms
		Debug|x86 = Debug|x86
		Release|Any CPU = Release|Any CPU
		Release|Mixed Platforms = Release|Mixed Platforms
		Release|x86 = Release|x86
	EndGlobalSection
	GlobalSection(ProjectConfigurationPlatforms) = postSolution
		{0A51EF78-4098-4F94-BB67-3855030776D3}.Debug|Any CPU.ActiveCfg = Debug|Any CPU
		{0A51EF78-4098-4F94-BB67-3855030776D3}.Debug|Any CPU.Build.0 = Debug|Any CPU
		{0A51EF78-4098-4F94-BB67-3855030776D3}.Debug|Mixed Platforms.ActiveCfg = Debug|Any CPU
		{0A51EF78-4098-4F94-BB67-3855030776D3}.Debug|Mixed Platforms.Build.0 = Debug|Any CPU
		{0A51EF78-4098-4F94-BB67-3855030776D3}.Debug|x86.ActiveCfg = Debug|Any CPU
		{0A51EF78-4098-4F94-BB67-3855030776D3}.Release|Any CPU.ActiveCfg = Release|Any CPU
		{0A51EF78-4098-4F94-BB67-3855030776D3}.Release|Any CPU.Build.0 = Release|Any CPU
		{0A51EF78-4098-4F94-BB67-3855030776D3}.Release|Mixed Platforms.ActiveCfg = Release|Any CPU
		{0A51EF78-4098-4F94-BB67-3855030776D3}.Release|Mixed Platforms.Build.0 = Release|Any CPU
		{0A51EF78-4098-4F94-BB67-3855030776D3}.Release|x86.ActiveCfg = Release|Any CPU
		{15E7D6C4-588D-40AF-ADE0-E15BA5B31920}.Debug|Any CPU.ActiveCfg = Debug|x86
		{15E7D6C4-588D-40AF-ADE0-E15BA5B31920}.Debug|Mixed Platforms.ActiveCfg = Debug|x86
		{15E7D6C4-588D-40AF-ADE0-E15BA5B31920}.Debug|Mixed Platforms.Build.0 = Debug|x86
		{15E7D6C4-588D-40AF-ADE0-E15BA5B31920}.Debug|x86.ActiveCfg = Debug|x86
		{15E7D6C4-588D-40AF-ADE0-E15BA5B31920}.Debug|x86.Build.0 = Debug|x86
		{15E7D6C4-588D-40AF-ADE0-E15BA5B31920}.Release|Any CPU.ActiveCfg = Release|x86
		{15E7D6C4-588D-40AF-ADE0-E15BA5B31920}.Release|Mixed Platforms.ActiveCfg = Release|x86
		{15E7D6C4-588D-40AF-ADE0-E15BA5B31920}.Release|Mixed Platforms.Build.0 = Release|x86
		{15E7D6C4-588D-40AF-ADE0-E15BA5B31920}.Release|x86.ActiveCfg = Release|x86
		{15E7D6C4-588D-40AF-ADE0-E15BA5B31920}.Release|x86.Build.0 = Release|x86
		{80E2396F-9F61-449D-9974-076A33481847}.Debug|Any CPU.ActiveCfg = Debug|x86
		{80E2396F-9F61-449D-9974-076A33481847}.Debug|Mixed Platforms.ActiveCfg = Debug|x86
		{80E2396F-9F61-449D-9974-076A33481847}.Debug|Mixed Platforms.Build.0 = Debug|x86
		{80E2396F-9F61-449D-9974-076A33481847}.Debug|x86.ActiveCfg = Debug|x86
		{80E2396F-9F61-449D-9974-076A33481847}.Debug|x86.Build.0 = Debug|x86
		{80E2396F-9F61-449D-9974-076A33481847}.Release|Any CPU.ActiveCfg = Release|x86
		{80E2396F-9F61-449D-9974-076A33481847}.Release|Mixed Platforms.ActiveCfg = Release|x86
		{80E2396F-9F61-449D-9974-076A33481847}.Release|Mixed Platforms.Build.0 = Release|x86
		{80E2396F-9F61-449D-9974-076A33481847}.Release|x86.ActiveCfg = Release|x86
		{80E2396F-9F61-449D-9974-076A33481847}.Release|x86.Build.0 = Release|x86
	EndGlobalSection
	GlobalSection(SolutionProperties) = preSolution
		HideSolutionNode = FALSE
	EndGlobalSection
	GlobalSection(ExtensibilityGlobals) = postSolution
		SolutionGuid = {41A9A593-D3A4-49A6-B07C-8387BBF401A9}
	EndGlobalSection
EndGlobal
